
Microsoft Visual Studio Solution File, Format Version 12.00
# Visual Studio 15
VisualStudioVersion = 15.0.27130.2010
MinimumVisualStudioVersion = 10.0.40219.1
Project("{FAE04EC0-301F-11D3-BF4B-00C04F79EFBC}") = "P01GroupsOfEqualSum", "P01GroupsOfEqualSum\P01GroupsOfEqualSum.csproj", "{8C88901C-71F9-412C-B68F-427500C14683}"
EndProject
Project("{FAE04EC0-301F-11D3-BF4B-00C04F79EFBC}") = "P02DrawAHouse", "P02DrawAHouse\P02DrawAHouse.csproj", "{9A42C2CE-3713-44C5-9733-07FBA0B7FD91}"
EndProject
Project("{FAE04EC0-301F-11D3-BF4B-00C04F79EFBC}") = "P03SumTime", "P03SumTime\P03SumTime.csproj", "{2172D4AF-A3AB-4C5C-AB1D-A14DB3847E66}"
EndProject
Project("{FAE04EC0-301F-11D3-BF4B-00C04F79EFBC}") = "P04StarsInTheCube", "P04StarsInTheCube\P04StarsInTheCube.csproj", "{CB794CEB-EA4C-4EB7-9EE7-87599CF4EC28}"
EndProject
Global
	GlobalSection(SolutionConfigurationPlatforms) = preSolution
		Debug|Any CPU = Debug|Any CPU
		Release|Any CPU = Release|Any CPU
	EndGlobalSection
	GlobalSection(ProjectConfigurationPlatforms) = postSolution
		{8C88901C-71F9-412C-B68F-427500C14683}.Debug|Any CPU.ActiveCfg = Debug|Any CPU
		{8C88901C-71F9-412C-B68F-427500C14683}.Debug|Any CPU.Build.0 = Debug|Any CPU
		{8C88901C-71F9-412C-B68F-427500C14683}.Release|Any CPU.ActiveCfg = Release|Any CPU
		{8C88901C-71F9-412C-B68F-427500C14683}.Release|Any CPU.Build.0 = Release|Any CPU
		{9A42C2CE-3713-44C5-9733-07FBA0B7FD91}.Debug|Any CPU.ActiveCfg = Debug|Any CPU
		{9A42C2CE-3713-44C5-9733-07FBA0B7FD91}.Debug|Any CPU.Build.0 = Debug|Any CPU
		{9A42C2CE-3713-44C5-9733-07FBA0B7FD91}.Release|Any CPU.ActiveCfg = Release|Any CPU
		{9A42C2CE-3713-44C5-9733-07FBA0B7FD91}.Release|Any CPU.Build.0 = Release|Any CPU
		{2172D4AF-A3AB-4C5C-AB1D-A14DB3847E66}.Debug|Any CPU.ActiveCfg = Debug|Any CPU
		{2172D4AF-A3AB-4C5C-AB1D-A14DB3847E66}.Debug|Any CPU.Build.0 = Debug|Any CPU
		{2172D4AF-A3AB-4C5C-AB1D-A14DB3847E66}.Release|Any CPU.ActiveCfg = Release|Any CPU
		{2172D4AF-A3AB-4C5C-AB1D-A14DB3847E66}.Release|Any CPU.Build.0 = Release|Any CPU
		{CB794CEB-EA4C-4EB7-9EE7-87599CF4EC28}.Debug|Any CPU.ActiveCfg = Debug|Any CPU
		{CB794CEB-EA4C-4EB7-9EE7-87599CF4EC28}.Debug|Any CPU.Build.0 = Debug|Any CPU
		{CB794CEB-EA4C-4EB7-9EE7-87599CF4EC28}.Release|Any CPU.ActiveCfg = Release|Any CPU
		{CB794CEB-EA4C-4EB7-9EE7-87599CF4EC28}.Release|Any CPU.Build.0 = Release|Any CPU
	EndGlobalSection
	GlobalSection(SolutionProperties) = preSolution
		HideSolutionNode = FALSE
	EndGlobalSection
	GlobalSection(ExtensibilityGlobals) = postSolution
		SolutionGuid = {658A738E-2ED3-4057-9DA3-5F3C818F8E2D}
	EndGlobalSection
EndGlobal
